
Microsoft Visual Studio Solution File, Format Version 12.00
# Visual Studio Version 17
VisualStudioVersion = 17.1.32414.318
MinimumVisualStudioVersion = 10.0.40219.1
Project("{FAE04EC0-301F-11D3-BF4B-00C04F79EFBC}") = "FivePD P Livery Plugin", "FivePD P Livery Plugin\FivePD P Livery Plugin.csproj", "{8137326C-FEEA-4E99-BECD-9A95F61CCF34}"
EndProject
Global
	GlobalSection(SolutionConfigurationPlatforms) = preSolution
		Debug|Any CPU = Debug|Any CPU
		Release|Any CPU = Release|Any CPU
	EndGlobalSection
	GlobalSection(ProjectConfigurationPlatforms) = postSolution
		{8137326C-FEEA-4E99-BECD-9A95F61CCF34}.Debug|Any CPU.ActiveCfg = Debug|Any CPU
		{8137326C-FEEA-4E99-BECD-9A95F61CCF34}.Debug|Any CPU.Build.0 = Debug|Any CPU
		{8137326C-FEEA-4E99-BECD-9A95F61CCF34}.Release|Any CPU.ActiveCfg = Release|Any CPU
		{8137326C-FEEA-4E99-BECD-9A95F61CCF34}.Release|Any CPU.Build.0 = Release|Any CPU
	EndGlobalSection
	GlobalSection(SolutionProperties) = preSolution
		HideSolutionNode = FALSE
	EndGlobalSection
	GlobalSection(ExtensibilityGlobals) = postSolution
		SolutionGuid = {B4D60C3A-31B6-4C74-9DA2-2032164B0EB4}
	EndGlobalSection
EndGlobal
